
Microsoft Visual Studio Solution File, Format Version 12.00
# Visual Studio 15
VisualStudioVersion = 15.0.27428.2043
MinimumVisualStudioVersion = 10.0.40219.1
Project("{FAE04EC0-301F-11D3-BF4B-00C04F79EFBC}") = "FormWithThreadTasks", "WindowsFormsApp1\FormWithThreadTasks.csproj", "{DF873E8B-7D87-4FCE-B69B-214C14CA7C47}"
EndProject
Global
	GlobalSection(SolutionConfigurationPlatforms) = preSolution
		Debug|Any CPU = Debug|Any CPU
		Release|Any CPU = Release|Any CPU
	EndGlobalSection
	GlobalSection(ProjectConfigurationPlatforms) = postSolution
		{DF873E8B-7D87-4FCE-B69B-214C14CA7C47}.Debug|Any CPU.ActiveCfg = Debug|Any CPU
		{DF873E8B-7D87-4FCE-B69B-214C14CA7C47}.Debug|Any CPU.Build.0 = Debug|Any CPU
		{DF873E8B-7D87-4FCE-B69B-214C14CA7C47}.Release|Any CPU.ActiveCfg = Release|Any CPU
		{DF873E8B-7D87-4FCE-B69B-214C14CA7C47}.Release|Any CPU.Build.0 = Release|Any CPU
	EndGlobalSection
	GlobalSection(SolutionProperties) = preSolution
		HideSolutionNode = FALSE
	EndGlobalSection
	GlobalSection(ExtensibilityGlobals) = postSolution
		SolutionGuid = {476642DC-3300-412A-9403-05F6B0E1FF0D}
	EndGlobalSection
EndGlobal
